# THIS IS AN AUTOGENERATED FILE. DO NOT EDIT THIS FILE DIRECTLY.
# yarn lockfile v1


envfile@^6.1.0:
  version "6.1.0"
  resolved "https://registry.yarnpkg.com/envfile/-/envfile-6.1.0.tgz#dad8cb03dd0dee85682f40aed187415ac3a97dbf"
  integrity sha512-vqK4j/dL9bSbYw34W5fp09RnRe7wgtGf2idNuLaeXVBzIpcGG6KPssGwWn8TcQRuW5x5MHhb+hWYuua82vq7rg==
