# THIS IS AN AUTOGENERATED FILE. DO NOT EDIT THIS FILE DIRECTLY.
# yarn lockfile v1


ambi@^6.2.0:
  version "6.2.0"
  resolved "https://registry.yarnpkg.com/ambi/-/ambi-6.2.0.tgz#33a293a46a88ed4339c8a0160cb2459d02a81b9d"
  integrity sha512-l84SonaWx6ze5HjV+7LwTNMCHKNy22byJ9g26pmAp33Wf9p0q5v7iGt3f1zsoyXXiiep4Qx4VmC83luEZBQe+g==
  dependencies:
    typechecker "^5.0.0"

eachr@^4.2.0:
  version "4.3.0"
  resolved "https://registry.yarnpkg.com/eachr/-/eachr-4.3.0.tgz#b089cb3845b18e0202f0cb3022ad4d2022df00ce"
  integrity sha512-7lOze1mQr0eGa0Br/gUcgnVe3K4QMx3YuY1wxWVsdgmUe0TtlSXfM43u1yXmtwX7LkX4lpP8fcV7Z11ixTjyBg==
  dependencies:
    typechecker "^5.0.0"

envfile@^4.3.0:
  version "4.3.0"
  resolved "https://registry.yarnpkg.com/envfile/-/envfile-4.3.0.tgz#2a9f1d989c4528902837472052e7e15960203363"
  integrity sha512-ZFuTx83CRLb6tp+8dn0wyuGUeoekCyWeFnnkFSygYNYjOxhhgzxv7CCTDd8NfZer3TZEiOc1jbS2SPm3zgeHQg==
  dependencies:
    ambi "^6.2.0"
    eachr "^4.2.0"
    typechecker "^5.0.0"

typechecker@^5.0.0:
  version "5.0.0"
  resolved "https://registry.yarnpkg.com/typechecker/-/typechecker-5.0.0.tgz#f11d5f99fbb6177abb8b9dbd1608532b9a365e47"
  integrity sha512-i7+wNratRdjM6SbkxrvQvSbzs/c/Vc6fI8EaW1wwVFGXNt8aNjlb4iGMX1l7GRb9Rtoz+qVH798SI0SGbv51uA==
