# THIS IS AN AUTOGENERATED FILE. DO NOT EDIT THIS FILE DIRECTLY.
# yarn lockfile v1


ambi@^6.0.0:
  version "6.0.0"
  resolved "https://registry.yarnpkg.com/ambi/-/ambi-6.0.0.tgz#d8f000c09209adf7d79ee76410973646536e3206"
  integrity sha512-Rip1eGjDuGY6LoJZXKxdEeYrHWF4nr0uFG3yp3JXW0qOGIdu6o/epJbjof6CYz2anTqTsMEPg3aRlWV3CqioYQ==
  dependencies:
    typechecker "^4.10.0"

eachr@^4.0.0:
  version "4.1.0"
  resolved "https://registry.yarnpkg.com/eachr/-/eachr-4.1.0.tgz#c1af8923427329b104f8e31210ed358f949b0b4d"
  integrity sha512-EHOObj2ygRLAWaQ4MASUBl28L0ZhoNTUekkrrF6GVgEdfnBG7PIW5wnsJqkDdgS37VykIdKd7OqigO2Lb97ueg==
  dependencies:
    typechecker "^4.10.0"

editions@^2.2.0:
  version "2.2.0"
  resolved "https://registry.yarnpkg.com/editions/-/editions-2.2.0.tgz#dacd0c2a9441ebef592bba316a6264febb337f35"
  integrity sha512-RYg3iEA2BDLCNVe8PUkD+ox5vAKxB9XS/mAhx1bdxGCF0CpX077C0pyTA9t5D6idCYA3avl5/XDHKPsHFrygfw==
  dependencies:
    errlop "^1.1.2"
    semver "^6.3.0"

envfile@^4.1.0:
  version "4.1.0"
  resolved "https://registry.yarnpkg.com/envfile/-/envfile-4.1.0.tgz#04bf2582fe8da58e665e82f51884c949842101fd"
  integrity sha512-GqcozD/oRzCPCI/19siQuTbbGOZrmGCdh4ZY5PGfeY+BbQt5rU80mmddeI5vlY9atCWd9FF9BLaA0yurbugVGw==
  dependencies:
    ambi "^6.0.0"
    eachr "^4.0.0"
    typechecker "^4.10.0"

errlop@^1.1.2:
  version "1.2.0"
  resolved "https://registry.yarnpkg.com/errlop/-/errlop-1.2.0.tgz#15d02f8232e788da39b6472fb76809fff423a7d8"
  integrity sha512-xlbC/1TA2kMaPYy0DtlL0sLyu6T5ZYpLNnOY5EtvDbHRnzUAipUqW1eKObQgwWbRDiudE2IJaxJAgw4fF39Lcw==
  dependencies:
    editions "^2.2.0"

semver@^6.3.0:
  version "6.3.0"
  resolved "https://registry.yarnpkg.com/semver/-/semver-6.3.0.tgz#ee0a64c8af5e8ceea67687b133761e1becbd1d3d"
  integrity sha512-b39TBaTSfV6yBrapU89p5fKekE2m/NwnDocOVruQFS1/veMgdzuPcnOM34M6CwxW8jH/lxEa5rBoDeUwu5HHTw==

typechecker@^4.10.0:
  version "4.10.0"
  resolved "https://registry.yarnpkg.com/typechecker/-/typechecker-4.10.0.tgz#0c7ef0b86a1ff9d32df512e46a03e3e3ed2fbc67"
  integrity sha512-HI0okLe7UhvCxnatUFrW3ZI9dwGCPG91Ul/OgTQxgOnXhZuZRRrHP89tipJMLFOZ6P4/pPkrVVCEPR/wD6qhyQ==
  dependencies:
    editions "^2.2.0"
